
Microsoft Visual Studio Solution File, Format Version 12.00
# Visual Studio Version 16
VisualStudioVersion = 16.0.30711.63
MinimumVisualStudioVersion = 10.0.40219.1
Project("{FAE04EC0-301F-11D3-BF4B-00C04F79EFBC}") = "AdminLTEWebDashboard", "AdminLTEWebDashboard\AdminLTEWebDashboard.csproj", "{CDBFAB45-FF44-4F77-BE46-38E6FFAAD917}"
EndProject
Global
	GlobalSection(SolutionConfigurationPlatforms) = preSolution
		Debug|Any CPU = Debug|Any CPU
		Release|Any CPU = Release|Any CPU
	EndGlobalSection
	GlobalSection(ProjectConfigurationPlatforms) = postSolution
		{CDBFAB45-FF44-4F77-BE46-38E6FFAAD917}.Debug|Any CPU.ActiveCfg = Debug|Any CPU
		{CDBFAB45-FF44-4F77-BE46-38E6FFAAD917}.Debug|Any CPU.Build.0 = Debug|Any CPU
		{CDBFAB45-FF44-4F77-BE46-38E6FFAAD917}.Release|Any CPU.ActiveCfg = Release|Any CPU
		{CDBFAB45-FF44-4F77-BE46-38E6FFAAD917}.Release|Any CPU.Build.0 = Release|Any CPU
	EndGlobalSection
	GlobalSection(SolutionProperties) = preSolution
		HideSolutionNode = FALSE
	EndGlobalSection
	GlobalSection(ExtensibilityGlobals) = postSolution
		SolutionGuid = {82B46268-2A1B-43C9-856D-357843B18404}
	EndGlobalSection
EndGlobal
